
Microsoft Visual Studio Solution File, Format Version 12.00
# Visual Studio Version 16
VisualStudioVersion = 16.0.31129.286
MinimumVisualStudioVersion = 10.0.40219.1
Project("{FAE04EC0-301F-11D3-BF4B-00C04F79EFBC}") = "Exercise01", "Exercise01\Exercise01.csproj", "{F73BC814-F4F5-492B-92A8-E2230714D5C0}"
EndProject
Global
	GlobalSection(SolutionConfigurationPlatforms) = preSolution
		Debug|Any CPU = Debug|Any CPU
		Release|Any CPU = Release|Any CPU
	EndGlobalSection
	GlobalSection(ProjectConfigurationPlatforms) = postSolution
		{F73BC814-F4F5-492B-92A8-E2230714D5C0}.Debug|Any CPU.ActiveCfg = Debug|Any CPU
		{F73BC814-F4F5-492B-92A8-E2230714D5C0}.Debug|Any CPU.Build.0 = Debug|Any CPU
		{F73BC814-F4F5-492B-92A8-E2230714D5C0}.Release|Any CPU.ActiveCfg = Release|Any CPU
		{F73BC814-F4F5-492B-92A8-E2230714D5C0}.Release|Any CPU.Build.0 = Release|Any CPU
	EndGlobalSection
	GlobalSection(SolutionProperties) = preSolution
		HideSolutionNode = FALSE
	EndGlobalSection
	GlobalSection(ExtensibilityGlobals) = postSolution
		SolutionGuid = {88471B66-6565-4B6D-83E2-F90F237B1E95}
	EndGlobalSection
EndGlobal
