
Microsoft Visual Studio Solution File, Format Version 12.00
# Visual Studio Version 16
VisualStudioVersion = 16.0.31112.23
MinimumVisualStudioVersion = 10.0.40219.1
Project("{9A19103F-16F7-4668-BE54-9A1E7A4F7556}") = "Exercise01", "Exercise01\Exercise01.csproj", "{1B60807F-3F94-4EEF-B3BB-42D6EAA6D33A}"
EndProject
Project("{9A19103F-16F7-4668-BE54-9A1E7A4F7556}") = "Exercise02", "Exercise02\Exercise02.csproj", "{A6EC98F7-6FE5-4689-A0B0-C05DEB41F797}"
EndProject
Project("{9A19103F-16F7-4668-BE54-9A1E7A4F7556}") = "Exercise03", "Exercise03\Exercise03.csproj", "{8EDC23F6-B83F-47D0-BF58-E56F36B3952F}"
EndProject
Project("{9A19103F-16F7-4668-BE54-9A1E7A4F7556}") = "Exercise04", "Exercise04\Exercise04.csproj", "{83DBDD89-A7CC-4E52-8C89-089B527CE48D}"
EndProject
Project("{9A19103F-16F7-4668-BE54-9A1E7A4F7556}") = "Exercise05", "Exercise05\Exercise05.csproj", "{2A90E625-06DE-4747-A8EA-176DF8EC4617}"
EndProject
Project("{9A19103F-16F7-4668-BE54-9A1E7A4F7556}") = "Exercise06", "Exercise06\Exercise06.csproj", "{3EA1583F-D7A3-4EDE-A888-D6433EB5D630}"
EndProject
Project("{9A19103F-16F7-4668-BE54-9A1E7A4F7556}") = "Exercise07", "Exercise07\Exercise07.csproj", "{5511FCE2-28E8-434F-A834-64170E8D7052}"
EndProject
Project("{9A19103F-16F7-4668-BE54-9A1E7A4F7556}") = "Calculator", "Calculator\Calculator.csproj", "{9805805F-A44A-4115-BAE8-6157C22547D9}"
EndProject
Project("{9A19103F-16F7-4668-BE54-9A1E7A4F7556}") = "AverageNumber", "AverageNumber\AverageNumber.csproj", "{422115F6-EC53-4DE5-AD40-CA9E934E9E38}"
EndProject
Project("{9A19103F-16F7-4668-BE54-9A1E7A4F7556}") = "SwapNumbers", "SwapNumbers\SwapNumbers.csproj", "{C5C20313-6AD2-47D2-BD5F-954ABF4E537C}"
EndProject
Project("{9A19103F-16F7-4668-BE54-9A1E7A4F7556}") = "BasketballScoreCalculator", "BasketballScoreCalculator\BasketballScoreCalculator.csproj", "{AFEDA5B4-1EAD-491F-A6F5-0CCCFFDE287E}"
EndProject
Project("{9A19103F-16F7-4668-BE54-9A1E7A4F7556}") = "CashMachine", "CashMachine\CashMachine.csproj", "{C9824220-74C4-4F07-BF18-FC206DFDC094}"
EndProject
Project("{9A19103F-16F7-4668-BE54-9A1E7A4F7556}") = "TikTak", "TikTak\TikTak.csproj", "{3A723150-C2B8-4E65-A61E-DB6938F2A61E}"
EndProject
Project("{9A19103F-16F7-4668-BE54-9A1E7A4F7556}") = "TimeConverter", "TimeConverter\TimeConverter.csproj", "{6B2338DA-9077-45E5-A7D9-4A6880E2CB1C}"
EndProject
Project("{9A19103F-16F7-4668-BE54-9A1E7A4F7556}") = "LargestNumber", "LargestNumber\LargestNumber.csproj", "{DF08DBE9-1525-4D3E-854E-631F04C73AB6}"
EndProject
Project("{9A19103F-16F7-4668-BE54-9A1E7A4F7556}") = "DaysConverter", "DaysConverter\DaysConverter.csproj", "{1B2A399A-3C1F-4F57-A3A3-6676FF294C7E}"
EndProject
Project("{FAE04EC0-301F-11D3-BF4B-00C04F79EFBC}") = "PizzaRestaurant", "PizzaRestaurant\PizzaRestaurant.csproj", "{AF6E7FC9-B461-4B73-A051-FC98FE1FB2E4}"
EndProject
Global
	GlobalSection(SolutionConfigurationPlatforms) = preSolution
		Debug|Any CPU = Debug|Any CPU
		Release|Any CPU = Release|Any CPU
	EndGlobalSection
	GlobalSection(ProjectConfigurationPlatforms) = postSolution
		{1B60807F-3F94-4EEF-B3BB-42D6EAA6D33A}.Debug|Any CPU.ActiveCfg = Debug|Any CPU
		{1B60807F-3F94-4EEF-B3BB-42D6EAA6D33A}.Debug|Any CPU.Build.0 = Debug|Any CPU
		{1B60807F-3F94-4EEF-B3BB-42D6EAA6D33A}.Release|Any CPU.ActiveCfg = Release|Any CPU
		{1B60807F-3F94-4EEF-B3BB-42D6EAA6D33A}.Release|Any CPU.Build.0 = Release|Any CPU
		{A6EC98F7-6FE5-4689-A0B0-C05DEB41F797}.Debug|Any CPU.ActiveCfg = Debug|Any CPU
		{A6EC98F7-6FE5-4689-A0B0-C05DEB41F797}.Debug|Any CPU.Build.0 = Debug|Any CPU
		{A6EC98F7-6FE5-4689-A0B0-C05DEB41F797}.Release|Any CPU.ActiveCfg = Release|Any CPU
		{A6EC98F7-6FE5-4689-A0B0-C05DEB41F797}.Release|Any CPU.Build.0 = Release|Any CPU
		{8EDC23F6-B83F-47D0-BF58-E56F36B3952F}.Debug|Any CPU.ActiveCfg = Debug|Any CPU
		{8EDC23F6-B83F-47D0-BF58-E56F36B3952F}.Debug|Any CPU.Build.0 = Debug|Any CPU
		{8EDC23F6-B83F-47D0-BF58-E56F36B3952F}.Release|Any CPU.ActiveCfg = Release|Any CPU
		{8EDC23F6-B83F-47D0-BF58-E56F36B3952F}.Release|Any CPU.Build.0 = Release|Any CPU
		{83DBDD89-A7CC-4E52-8C89-089B527CE48D}.Debug|Any CPU.ActiveCfg = Debug|Any CPU
		{83DBDD89-A7CC-4E52-8C89-089B527CE48D}.Debug|Any CPU.Build.0 = Debug|Any CPU
		{83DBDD89-A7CC-4E52-8C89-089B527CE48D}.Release|Any CPU.ActiveCfg = Release|Any CPU
		{83DBDD89-A7CC-4E52-8C89-089B527CE48D}.Release|Any CPU.Build.0 = Release|Any CPU
		{2A90E625-06DE-4747-A8EA-176DF8EC4617}.Debug|Any CPU.ActiveCfg = Debug|Any CPU
		{2A90E625-06DE-4747-A8EA-176DF8EC4617}.Debug|Any CPU.Build.0 = Debug|Any CPU
		{2A90E625-06DE-4747-A8EA-176DF8EC4617}.Release|Any CPU.ActiveCfg = Release|Any CPU
		{2A90E625-06DE-4747-A8EA-176DF8EC4617}.Release|Any CPU.Build.0 = Release|Any CPU
		{3EA1583F-D7A3-4EDE-A888-D6433EB5D630}.Debug|Any CPU.ActiveCfg = Debug|Any CPU
		{3EA1583F-D7A3-4EDE-A888-D6433EB5D630}.Debug|Any CPU.Build.0 = Debug|Any CPU
		{3EA1583F-D7A3-4EDE-A888-D6433EB5D630}.Release|Any CPU.ActiveCfg = Release|Any CPU
		{3EA1583F-D7A3-4EDE-A888-D6433EB5D630}.Release|Any CPU.Build.0 = Release|Any CPU
		{5511FCE2-28E8-434F-A834-64170E8D7052}.Debug|Any CPU.ActiveCfg = Debug|Any CPU
		{5511FCE2-28E8-434F-A834-64170E8D7052}.Debug|Any CPU.Build.0 = Debug|Any CPU
		{5511FCE2-28E8-434F-A834-64170E8D7052}.Release|Any CPU.ActiveCfg = Release|Any CPU
		{5511FCE2-28E8-434F-A834-64170E8D7052}.Release|Any CPU.Build.0 = Release|Any CPU
		{9805805F-A44A-4115-BAE8-6157C22547D9}.Debug|Any CPU.ActiveCfg = Debug|Any CPU
		{9805805F-A44A-4115-BAE8-6157C22547D9}.Debug|Any CPU.Build.0 = Debug|Any CPU
		{9805805F-A44A-4115-BAE8-6157C22547D9}.Release|Any CPU.ActiveCfg = Release|Any CPU
		{9805805F-A44A-4115-BAE8-6157C22547D9}.Release|Any CPU.Build.0 = Release|Any CPU
		{422115F6-EC53-4DE5-AD40-CA9E934E9E38}.Debug|Any CPU.ActiveCfg = Debug|Any CPU
		{422115F6-EC53-4DE5-AD40-CA9E934E9E38}.Debug|Any CPU.Build.0 = Debug|Any CPU
		{422115F6-EC53-4DE5-AD40-CA9E934E9E38}.Release|Any CPU.ActiveCfg = Release|Any CPU
		{422115F6-EC53-4DE5-AD40-CA9E934E9E38}.Release|Any CPU.Build.0 = Release|Any CPU
		{C5C20313-6AD2-47D2-BD5F-954ABF4E537C}.Debug|Any CPU.ActiveCfg = Debug|Any CPU
		{C5C20313-6AD2-47D2-BD5F-954ABF4E537C}.Debug|Any CPU.Build.0 = Debug|Any CPU
		{C5C20313-6AD2-47D2-BD5F-954ABF4E537C}.Release|Any CPU.ActiveCfg = Release|Any CPU
		{C5C20313-6AD2-47D2-BD5F-954ABF4E537C}.Release|Any CPU.Build.0 = Release|Any CPU
		{AFEDA5B4-1EAD-491F-A6F5-0CCCFFDE287E}.Debug|Any CPU.ActiveCfg = Debug|Any CPU
		{AFEDA5B4-1EAD-491F-A6F5-0CCCFFDE287E}.Debug|Any CPU.Build.0 = Debug|Any CPU
		{AFEDA5B4-1EAD-491F-A6F5-0CCCFFDE287E}.Release|Any CPU.ActiveCfg = Release|Any CPU
		{AFEDA5B4-1EAD-491F-A6F5-0CCCFFDE287E}.Release|Any CPU.Build.0 = Release|Any CPU
		{C9824220-74C4-4F07-BF18-FC206DFDC094}.Debug|Any CPU.ActiveCfg = Debug|Any CPU
		{C9824220-74C4-4F07-BF18-FC206DFDC094}.Debug|Any CPU.Build.0 = Debug|Any CPU
		{C9824220-74C4-4F07-BF18-FC206DFDC094}.Release|Any CPU.ActiveCfg = Release|Any CPU
		{C9824220-74C4-4F07-BF18-FC206DFDC094}.Release|Any CPU.Build.0 = Release|Any CPU
		{3A723150-C2B8-4E65-A61E-DB6938F2A61E}.Debug|Any CPU.ActiveCfg = Debug|Any CPU
		{3A723150-C2B8-4E65-A61E-DB6938F2A61E}.Debug|Any CPU.Build.0 = Debug|Any CPU
		{3A723150-C2B8-4E65-A61E-DB6938F2A61E}.Release|Any CPU.ActiveCfg = Release|Any CPU
		{3A723150-C2B8-4E65-A61E-DB6938F2A61E}.Release|Any CPU.Build.0 = Release|Any CPU
		{6B2338DA-9077-45E5-A7D9-4A6880E2CB1C}.Debug|Any CPU.ActiveCfg = Debug|Any CPU
		{6B2338DA-9077-45E5-A7D9-4A6880E2CB1C}.Debug|Any CPU.Build.0 = Debug|Any CPU
		{6B2338DA-9077-45E5-A7D9-4A6880E2CB1C}.Release|Any CPU.ActiveCfg = Release|Any CPU
		{6B2338DA-9077-45E5-A7D9-4A6880E2CB1C}.Release|Any CPU.Build.0 = Release|Any CPU
		{DF08DBE9-1525-4D3E-854E-631F04C73AB6}.Debug|Any CPU.ActiveCfg = Debug|Any CPU
		{DF08DBE9-1525-4D3E-854E-631F04C73AB6}.Debug|Any CPU.Build.0 = Debug|Any CPU
		{DF08DBE9-1525-4D3E-854E-631F04C73AB6}.Release|Any CPU.ActiveCfg = Release|Any CPU
		{DF08DBE9-1525-4D3E-854E-631F04C73AB6}.Release|Any CPU.Build.0 = Release|Any CPU
		{1B2A399A-3C1F-4F57-A3A3-6676FF294C7E}.Debug|Any CPU.ActiveCfg = Debug|Any CPU
		{1B2A399A-3C1F-4F57-A3A3-6676FF294C7E}.Debug|Any CPU.Build.0 = Debug|Any CPU
		{1B2A399A-3C1F-4F57-A3A3-6676FF294C7E}.Release|Any CPU.ActiveCfg = Release|Any CPU
		{1B2A399A-3C1F-4F57-A3A3-6676FF294C7E}.Release|Any CPU.Build.0 = Release|Any CPU
		{AF6E7FC9-B461-4B73-A051-FC98FE1FB2E4}.Debug|Any CPU.ActiveCfg = Debug|Any CPU
		{AF6E7FC9-B461-4B73-A051-FC98FE1FB2E4}.Debug|Any CPU.Build.0 = Debug|Any CPU
		{AF6E7FC9-B461-4B73-A051-FC98FE1FB2E4}.Release|Any CPU.ActiveCfg = Release|Any CPU
		{AF6E7FC9-B461-4B73-A051-FC98FE1FB2E4}.Release|Any CPU.Build.0 = Release|Any CPU
	EndGlobalSection
	GlobalSection(SolutionProperties) = preSolution
		HideSolutionNode = FALSE
	EndGlobalSection
	GlobalSection(ExtensibilityGlobals) = postSolution
		SolutionGuid = {39B2C72F-2E8C-48F9-81BE-949C64B59ACD}
	EndGlobalSection
EndGlobal
